
Microsoft Visual Studio Solution File, Format Version 12.00
# Visual Studio Version 17
VisualStudioVersion = 17.11.35103.136
MinimumVisualStudioVersion = 10.0.40219.1
Project("{FAE04EC0-301F-11D3-BF4B-00C04F79EFBC}") = "宇宙无敌超级神威霸王龙SL的实用API", "宇宙无敌超级神威霸王龙SL的实用API\宇宙无敌超级神威霸王龙SL的实用API.csproj", "{00EA1890-5A51-4576-B38B-7284344185C2}"
EndProject
Global
	GlobalSection(SolutionConfigurationPlatforms) = preSolution
		Debug|Any CPU = Debug|Any CPU
		Debug|x64 = Debug|x64
		Release|Any CPU = Release|Any CPU
		Release|x64 = Release|x64
	EndGlobalSection
	GlobalSection(ProjectConfigurationPlatforms) = postSolution
		{00EA1890-5A51-4576-B38B-7284344185C2}.Debug|Any CPU.ActiveCfg = Debug|Any CPU
		{00EA1890-5A51-4576-B38B-7284344185C2}.Debug|Any CPU.Build.0 = Debug|Any CPU
		{00EA1890-5A51-4576-B38B-7284344185C2}.Debug|x64.ActiveCfg = Debug|x64
		{00EA1890-5A51-4576-B38B-7284344185C2}.Debug|x64.Build.0 = Debug|x64
		{00EA1890-5A51-4576-B38B-7284344185C2}.Release|Any CPU.ActiveCfg = Release|Any CPU
		{00EA1890-5A51-4576-B38B-7284344185C2}.Release|Any CPU.Build.0 = Release|Any CPU
		{00EA1890-5A51-4576-B38B-7284344185C2}.Release|x64.ActiveCfg = Release|x64
		{00EA1890-5A51-4576-B38B-7284344185C2}.Release|x64.Build.0 = Release|x64
	EndGlobalSection
	GlobalSection(SolutionProperties) = preSolution
		HideSolutionNode = FALSE
	EndGlobalSection
	GlobalSection(ExtensibilityGlobals) = postSolution
		SolutionGuid = {8658499F-443D-4D7A-8E62-81D511E13E39}
	EndGlobalSection
EndGlobal
